
Microsoft Visual Studio Solution File, Format Version 12.00
Project("{FAE04EC0-301F-11D3-BF4B-00C04F79EFBC}") = "AoC2023", "AoC2023.csproj", "{D428A3A3-145A-417C-B107-F27C4473A24D}"
EndProject
Global
	GlobalSection(SolutionConfigurationPlatforms) = preSolution
		Debug|Any CPU = Debug|Any CPU
		Release|Any CPU = Release|Any CPU
	EndGlobalSection
	GlobalSection(ProjectConfigurationPlatforms) = postSolution
		{D428A3A3-145A-417C-B107-F27C4473A24D}.Debug|Any CPU.ActiveCfg = Debug|Any CPU
		{D428A3A3-145A-417C-B107-F27C4473A24D}.Debug|Any CPU.Build.0 = Debug|Any CPU
		{D428A3A3-145A-417C-B107-F27C4473A24D}.Release|Any CPU.ActiveCfg = Release|Any CPU
		{D428A3A3-145A-417C-B107-F27C4473A24D}.Release|Any CPU.Build.0 = Release|Any CPU
	EndGlobalSection
EndGlobal
